github.com/alecthomas/log4go v0.0.0-20170920102043-a9cdec6a8ef5 h1:/wmC910fCE4J9fH8vm2O+W3fmJt1a5SeevwEWrF7XbE=
github.com/alecthomas/log4go v0.0.0-20170920102043-a9cdec6a8ef5/go.mod h1:iCVmQ9g4TfaRX5m5jq5sXY7RXYWPv9/PynM/GocbG3w=
github.com/cseeger-epages/mattermail v0.0.0-20180709142639-b13cfb94ea98 h1:4ZJIzHrxvm+5JGeAyUytIA9/y124nEIJNAYeUJpZ5Rk=
github.com/cseeger-epages/mattermail v0.0.0-20180709142639-b13cfb94ea98/go.mod h1:xLaQfM2mG/Kexb8f7jSEZgBWaQLcRJA1xc+EWMKoNlI=
github.com/emersion/go-imap v0.0.0-20170715095713-dc58f306f9a7 h1:vjbXnSQUCXMJBN4D4tna0V/eFOXqfl25AxffjZaaaPE=
github.com/emersion/go-imap v0.0.0-20170715095713-dc58f306f9a7/go.mod h1:oydmHwiyv92ZOiNfQY9BDax5heePWN8P2+W1B2T6qjc=
github.com/emersion/go-imap v1.0.0-beta.1 h1:bTCaVlUnb5mKoW9lEukusxguSYYZPer+q0g5t+vw5X0=
github.com/emersion/go-imap v1.0.0-beta.1/go.mod h1:oydmHwiyv92ZOiNfQY9BDax5heePWN8P2+W1B2T6qjc=
github.com/emersion/go-imap v1.0.0-rc.2 h1:+us4+584bVl9EeBh6MwDo108mX2yHI1EP9oWKMEgwjE=
github.com/emersion/go-imap v1.0.0-rc.2/go.mod h1:MEiDDwwQFcZ+L45Pa68jNGv0qU9kbW+SJzwDpvSfX1s=
github.com/emersion/go-imap-idle v0.0.0-20170715102048-2ba078955c8a h1:1p0oqlC/457VJHus5NN+kswg8zyHj7A88cS09Zacv7Y=
github.com/emersion/go-imap-idle v0.0.0-20170715102048-2ba078955c8a/go.mod h1:o14zPKCmEH5WC1vU5SdPoZGgNvQx7zzKSnxPQlobo78=
github.com/emersion/go-message v0.0.0-20170802224156-1716e3f473f9/go.mod h1:m3cK90skCWxm5sIMs1sXxly4Tn9Plvcf6eayHZJ1NzM=
github.com/emersion/go-message v0.10.4-0.20190609165112-592ace5bc1ca/go.mod h1:3h+HsGTCFHmk4ngJ2IV/YPhdlaOcR6hcgqM3yca9v7c=
github.com/emersion/go-sasl v0.0.0-20161116183048-7e096a0a6197 h1:rDJPbyliyym8ZL/Wt71kdolp6yaD4fLIQz638E6JEt0=
github.com/emersion/go-sasl v0.0.0-20161116183048-7e096a0a6197/go.mod h1:G/dpzLu16WtQpBfQ/z3LYiYJn3ZhKSGWn83fyoyQe/k=
github.com/emersion/go-sasl v0.0.0-20190520160400-47d427600317 h1:tYZxAY8nu3JJQKios9f27Sbvbkfm4XHXT476gVtszu0=
github.com/emersion/go-sasl v0.0.0-20190520160400-47d427600317/go.mod h1:G/dpzLu16WtQpBfQ/z3LYiYJn3ZhKSGWn83fyoyQe/k=
github.com/emersion/go-textwrapper v0.0.0-20160606182133-d0e65e56babe/go.mod h1:aqO8z8wPrjkscevZJFVE1wXJrLpC5LtJG7fqLOsPb2U=
github.com/gorilla/websocket v1.2.0 h1:VJtLvh6VQym50czpZzx07z/kw9EgAxI3x1ZB8taTMQQ=
github.com/gorilla/websocket v1.2.0/go.mod h1:E7qHFY5m1UJ88s3WnNqhKjPHQ0heANvMoAMk2YaljkQ=
github.com/jaytaylor/html2text v0.0.0-20161112011239-4b9124c9b0a2 h1:9eH/vcuoJz5ljX/BTyzQjdBh9lHbBBdGT+TJbkcJj5U=
github.com/jaytaylor/html2text v0.0.0-20161112011239-4b9124c9b0a2/go.mod h1:CVKlgaMiht+LXvHG173ujK6JUhZXKb2u/BQtjPDIvyk=
github.com/jhillyerd/go.enmime v0.0.0-20161118030647-1b38e76723aa h1:jbMTq5CDsxYt6/ndn6vfD2lk0u8G2szgCTPEKpHWpFE=
github.com/jhillyerd/go.enmime v0.0.0-20161118030647-1b38e76723aa/go.mod h1:dB/9fG50Otuz3ZxTDISH+tsq+1Y/spDwC5pShuEzH9s=
github.com/martinlindhe/base36 v0.0.0-20190418230009-7c6542dfbb41/go.mod h1:+AtEs8xrBpCeYgSLoY/aJ6Wf37jtBuR0s35750M27+8=
github.com/mattermost/mattermost-server v4.0.5+incompatible h1:lNpL7OuzzXI/fb74+2DAG080YysKIWdB2LSBXy0k91U=
github.com/mattermost/mattermost-server v4.0.5+incompatible/go.mod h1:5L6MjAec+XXQwMIt791Ganu45GKsSiM+I0tLR9wUj8Y=
github.com/nicksnyder/go-i18n v1.9.0 h1:p6IgYlHtynxFjBJsriZWoldnpU/ibnYNwzmYz0jakxU=
github.com/nicksnyder/go-i18n v1.9.0/go.mod h1:HrK7VCrbOvQoUAQ7Vpy7i87N7JZZZ7R2xBGjv0j365Q=
github.com/paulrosania/go-charset v0.0.0-20151028000031-621bb39fcc83 h1:XQonH5Iv5rbyIkMJOQ4xKmKHQTh8viXtRSmep5Ca5I4=
github.com/paulrosania/go-charset v0.0.0-20151028000031-621bb39fcc83/go.mod h1:YnNlZP7l4MhyGQ4CBRwv6ohZTPrUJJZtEv4ZgADkbs4=
github.com/pborman/uuid v0.0.0-20170612153648-e790cca94e6c h1:MUyE44mTvnI5A0xrxIxaMqoWFzPfQvtE2IWUollMDMs=
github.com/pborman/uuid v0.0.0-20170612153648-e790cca94e6c/go.mod h1:VyrYX9gd7irzKovcSS6BIIEwPRkP2Wm2m9ufcdFSJ34=
github.com/pelletier/go-toml v1.0.1 h1:0nx4vKBl23+hEaCOV1mFhKS9vhhBtFYWC7rQY0vJAyE=
github.com/pelletier/go-toml v1.0.1/go.mod h1:5z9KED0ma1S8pY6P1sdut58dfprrGBbd/94hg7ilaic=
github.com/pkg/errors v0.8.0 h1:WdK/asTD0HN+q6hsWO3/vpuAkAr+tw6aNJNDFFf0+qw=
github.com/pkg/errors v0.8.0/go.mod h1:bwawxfHBFNV+L2hUp1rHADufV3IMtnDRdf1r5NINEl0=
golang.org/x/crypto v0.0.0-20170930174604-9419663f5a44 h1:9lP3x0pW80sDI6t1UMSLA4to18W7R7imwAI/sWS9S8Q=
golang.org/x/crypto v0.0.0-20170930174604-9419663f5a44/go.mod h1:6SG95UA2DQfeDnfUPMdvaQW0Q7yPrPDi9nlGo2tz2b4=
golang.org/x/crypto v0.0.0-20190308221718-c2843e01d9a2/go.mod h1:djNgcEr1/C05ACkg1iLfiJU5Ep61QUkGW8qpdssI0+w=
golang.org/x/crypto v0.0.0-20190618222545-ea8f1a30c443 h1:IcSOAf4PyMp3U3XbIEj1/xJ2BjNN2jWv7JoyOsMxXUU=
golang.org/x/crypto v0.0.0-20190618222545-ea8f1a30c443/go.mod h1:yigFU9vqHzYiE8UmvKecakEJjdnWj3jj499lnFckfCI=
golang.org/x/net v0.0.0-20161116075034-4971afdc2f16 h1:x2xFZACPoDbV+g+48fDH/4EQTTNPgHTRko7g0JQiZws=
golang.org/x/net v0.0.0-20161116075034-4971afdc2f16/go.mod h1:mL1N/T3taQHkDXs73rZJwtUhF3w3ftmwwsq0BUmARs4=
golang.org/x/net v0.0.0-20190311183353-d8887717615a/go.mod h1:t9HGtf8HONx5eT2rtn7q6eTqICYqUVnKs3thJo3Qplg=
golang.org/x/net v0.0.0-20190404232315-eb5bcb51f2a3/go.mod h1:t9HGtf8HONx5eT2rtn7q6eTqICYqUVnKs3thJo3Qplg=
golang.org/x/net v0.0.0-20190619014844-b5b0513f8c1b h1:lkjdUzSyJ5P1+eal9fxXX9Xg2BTfswsonKUse48C0uE=
golang.org/x/net v0.0.0-20190619014844-b5b0513f8c1b/go.mod h1:z5CRVTTTmAJ677TzLLGU+0bjPO0LkuOLi4/5GtJWs/s=
golang.org/x/sync v0.0.0-20190423024810-112230192c58/go.mod h1:RxMgew5VJxzue5/jJTE5uejpjVlOe/izrB70Jof72aM=
golang.org/x/sys v0.0.0-20190215142949-d0b11bdaac8a/go.mod h1:STP8DvDyc/dI5b8T5hshtkjS+E42TnysNCUPdjciGhY=
golang.org/x/sys v0.0.0-20190412213103-97732733099d/go.mod h1:h1NjWce9XRLGQEsW7wpKNCjG9DtNlClVuFLEZdDNbEs=
golang.org/x/sys v0.0.0-20190620070143-6f217b454f45/go.mod h1:h1NjWce9XRLGQEsW7wpKNCjG9DtNlClVuFLEZdDNbEs=
golang.org/x/text v0.0.0-20161109100559-a263ba8db058 h1:1PceBBva4x6LaieID9bZlv7KVrZq70I2nsZf2Y9ckWM=
golang.org/x/text v0.0.0-20161109100559-a263ba8db058/go.mod h1:NqM8EUOU14njkJ3fqMW+pc6Ldnwhi/IjpwHt7yyuwOQ=
golang.org/x/text v0.3.0/go.mod h1:NqM8EUOU14njkJ3fqMW+pc6Ldnwhi/IjpwHt7yyuwOQ=
golang.org/x/text v0.3.2 h1:tW2bmiBqwgJj/UpqtC8EpXEZVYOwU0yG4iWbprSVAcs=
golang.org/x/text v0.3.2/go.mod h1:bEr9sfX3Q8Zfm5fL9x+3itogRgK3+ptLWKqgva+5dAk=
golang.org/x/tools v0.0.0-20180917221912-90fa682c2a6e/go.mod h1:n7NCudcB/nEzxVGmLbDWY5pfWTLqBcC2KZ6jyYvM4mQ=
golang.org/x/tools v0.0.0-20190619215442-4adf7a708c2d/go.mod h1:/rFqwRUd4F7ZHNgwSSTFct+R/Kf4OFW1sUzUTQQTgfc=
gopkg.in/yaml.v2 v2.0.0-20170812160011-eb3733d160e7 h1:+t9dhfO+GNOIGJof6kPOAenx7YgrZMTdRPV+EsnPabk=
gopkg.in/yaml.v2 v2.0.0-20170812160011-eb3733d160e7/go.mod h1:JAlM8MvJe8wmxCU4Bli9HhUf9+ttbYbLASfIpnQbh74=
